
Microsoft Visual Studio Solution File, Format Version 12.00
# Visual Studio Version 17
VisualStudioVersion = 17.4.33103.184
MinimumVisualStudioVersion = 10.0.40219.1
Project("{FAE04EC0-301F-11D3-BF4B-00C04F79EFBC}") = "WebApplication4", "WebApplication4.csproj", "{99E4C5FC-215A-4ECF-94F6-B94EC1B95801}"
EndProject
Global
	GlobalSection(SolutionConfigurationPlatforms) = preSolution
		Debug|Any CPU = Debug|Any CPU
		Release|Any CPU = Release|Any CPU
	EndGlobalSection
	GlobalSection(ProjectConfigurationPlatforms) = postSolution
		{99E4C5FC-215A-4ECF-94F6-B94EC1B95801}.Debug|Any CPU.ActiveCfg = Debug|Any CPU
		{99E4C5FC-215A-4ECF-94F6-B94EC1B95801}.Debug|Any CPU.Build.0 = Debug|Any CPU
		{99E4C5FC-215A-4ECF-94F6-B94EC1B95801}.Release|Any CPU.ActiveCfg = Release|Any CPU
		{99E4C5FC-215A-4ECF-94F6-B94EC1B95801}.Release|Any CPU.Build.0 = Release|Any CPU
	EndGlobalSection
	GlobalSection(SolutionProperties) = preSolution
		HideSolutionNode = FALSE
	EndGlobalSection
	GlobalSection(ExtensibilityGlobals) = postSolution
		SolutionGuid = {EC324C7E-9B1E-4DE2-82A9-71D70A45AE2B}
	EndGlobalSection
EndGlobal
